<?xml version="1.0" encoding="utf-8"?>
<Project ToolsVersion="4.0" xmlns="http://schemas.microsoft.com/developer/msbuild/2003">
  <ItemGroup>
    <Filter Include="ソース ファイル">
      <UniqueIdentifier>{4FC737F1-C7A5-4376-A066-2A32D752A2FF}</UniqueIdentifier>
      <Extensions>cpp;c;cc;cxx;c++;cppm;ixx;def;odl;idl;hpj;bat;asm;asmx</Extensions>
    </Filter>
    <Filter Include="リソース ファイル">
      <UniqueIdentifier>{67DA6AB6-F800-4c08-8B7A-83BB121AAD01}</UniqueIdentifier>
      <Extensions>rc;ico;cur;bmp;dlg;rc2;rct;bin;rgs;gif;jpg;jpeg;jpe;resx;tiff;tif;png;wav;mfcribbon-ms</Extensions>
    </Filter>
    <Filter Include="GraphicsSystem">
      <UniqueIdentifier>{cedd977a-64b7-4939-b3cc-34d40f0bad5d}</UniqueIdentifier>
    </Filter>
    <Filter Include="hlsl">
      <UniqueIdentifier>{35a44a2d-7ac7-4cd6-9bbf-bdb033ff2d2a}</UniqueIdentifier>
    </Filter>
    <Filter Include="CoreSystem">
      <UniqueIdentifier>{114a617b-a87d-497f-811f-8a7454aab756}</UniqueIdentifier>
    </Filter>
    <Filter Include="CoreSystem\Debug">
      <UniqueIdentifier>{cfcc7dc9-8a03-414b-b801-032930755f3f}</UniqueIdentifier>
    </Filter>
    <Filter Include="GraphicsSystem\System">
      <UniqueIdentifier>{d63b1785-a9a9-42de-a30a-ccf0e337a2c0}</UniqueIdentifier>
    </Filter>
    <Filter Include="GraphicsSystem\System\DX11">
      <UniqueIdentifier>{0ff0511b-f6fe-494c-93bc-70bc961cbb90}</UniqueIdentifier>
    </Filter>
    <Filter Include="GraphicsSystem\System\DX12">
      <UniqueIdentifier>{7b7362e5-008a-45f1-ae22-f67f5e3290ac}</UniqueIdentifier>
    </Filter>
    <Filter Include="GraphicsSystem\System\Interface">
      <UniqueIdentifier>{8170384f-137e-4808-9a48-0481ec2eb016}</UniqueIdentifier>
    </Filter>
    <Filter Include="GraphicsSystem\Resources">
      <UniqueIdentifier>{26bdc8f9-c6d7-4db2-9b29-6146d2c8eb39}</UniqueIdentifier>
    </Filter>
    <Filter Include="GraphicsSystem\Resources\DX11">
      <UniqueIdentifier>{170c4f38-2fd3-4dbb-9334-6adfd0e6759e}</UniqueIdentifier>
    </Filter>
    <Filter Include="GraphicsSystem\Resources\DX12">
      <UniqueIdentifier>{9537b0e8-bcf7-4bb3-965f-8c0bcd9dbfc3}</UniqueIdentifier>
    </Filter>
    <Filter Include="GraphicsSystem\Resources\Base">
      <UniqueIdentifier>{ed3cef7d-39cf-44c6-8ab7-b24e25403ab0}</UniqueIdentifier>
    </Filter>
    <Filter Include="GraphicsSystem\Resources\manager">
      <UniqueIdentifier>{0e3ea439-4209-495a-aaee-185519e2f8c3}</UniqueIdentifier>
    </Filter>
    <Filter Include="GraphicsSystem\System\manager">
      <UniqueIdentifier>{7d50d500-ed49-4066-bfb2-ecd1fe4bdd02}</UniqueIdentifier>
    </Filter>
    <Filter Include="GameSystem">
      <UniqueIdentifier>{e9aec473-31d1-436b-bf07-f6ab7c4cc407}</UniqueIdentifier>
    </Filter>
    <Filter Include="GameSystem\Scene">
      <UniqueIdentifier>{02b4a426-8117-4796-a71e-ac9a79cff2dd}</UniqueIdentifier>
    </Filter>
    <Filter Include="GameSystem\gameObjct">
      <UniqueIdentifier>{899ea2af-e4c6-40b0-b6cf-aa2022d28616}</UniqueIdentifier>
    </Filter>
    <Filter Include="OpenGL">
      <UniqueIdentifier>{b2ec6243-8129-4bfc-80a4-bef8d9d0c4e4}</UniqueIdentifier>
    </Filter>
    <Filter Include="OpenGL\system">
      <UniqueIdentifier>{17ff577b-f54e-47e8-9b80-0cf78515d57a}</UniqueIdentifier>
    </Filter>
    <Filter Include="OpenGL\resource">
      <UniqueIdentifier>{67719d40-fc57-40c6-9469-5174786164d8}</UniqueIdentifier>
    </Filter>
    <Filter Include="OpenGL\manager">
      <UniqueIdentifier>{0737eb29-06dd-4e8e-8c1e-6fc38e385665}</UniqueIdentifier>
    </Filter>
  </ItemGroup>
  <ItemGroup>
    <Image Include="small.ico">
      <Filter>リソース ファイル</Filter>
    </Image>
    <Image Include="20221003_ss.ico">
      <Filter>リソース ファイル</Filter>
    </Image>
  </ItemGroup>
  <ItemGroup>
    <ClCompile Include="..\Source\Platfrom_Windows_Impl.cpp">
      <Filter>ソース ファイル</Filter>
    </ClCompile>
    <ClCompile Include="..\Source\Win_Main.cpp">
      <Filter>ソース ファイル</Filter>
    </ClCompile>
    <ClCompile Include="..\Library\CoreSystem\Input.cpp">
      <Filter>CoreSystem</Filter>
    </ClCompile>
    <ClCompile Include="..\Library\GraphicsSystem\D3D11\Gfx_D3D11ConstantBuffer.cpp">
      <Filter>GraphicsSystem\Resources\DX11</Filter>
    </ClCompile>
    <ClCompile Include="..\Library\GraphicsSystem\D3D11\Gfx_D3D11GraphiccsBinder.cpp">
      <Filter>GraphicsSystem\Resources\DX11</Filter>
    </ClCompile>
    <ClCompile Include="..\Library\GraphicsSystem\D3D11\Gfx_D3D11MeshBuffer.cpp">
      <Filter>GraphicsSystem\Resources\DX11</Filter>
    </ClCompile>
    <ClCompile Include="..\Library\GraphicsSystem\D3D11\Gfx_D3D11PixelShader.cpp">
      <Filter>GraphicsSystem\Resources\DX11</Filter>
    </ClCompile>
    <ClCompile Include="..\Library\GraphicsSystem\D3D11\Gfx_D3D11Texture.cpp">
      <Filter>GraphicsSystem\Resources\DX11</Filter>
    </ClCompile>
    <ClCompile Include="..\Library\GraphicsSystem\D3D12\Gfx_D3D12ConstantBuffer.cpp">
      <Filter>GraphicsSystem\Resources\DX12</Filter>
    </ClCompile>
    <ClCompile Include="..\Library\GraphicsSystem\D3D12\Gfx_D3D12DescriptorHeap.cpp">
      <Filter>GraphicsSystem\Resources\DX12</Filter>
    </ClCompile>
    <ClCompile Include="..\Library\GraphicsSystem\D3D12\Gfx_D3D12GraphiccsBinder.cpp">
      <Filter>GraphicsSystem\Resources\DX12</Filter>
    </ClCompile>
    <ClCompile Include="..\Library\GraphicsSystem\D3D12\Gfx_D3D12MeshBuffer.cpp">
      <Filter>GraphicsSystem\Resources\DX12</Filter>
    </ClCompile>
    <ClCompile Include="..\Library\GraphicsSystem\D3D12\Gfx_D3D12PipelineState.cpp">
      <Filter>GraphicsSystem\Resources\DX12</Filter>
    </ClCompile>
    <ClCompile Include="..\Library\GraphicsSystem\D3D12\Gfx_D3D12PixelShader.cpp">
      <Filter>GraphicsSystem\Resources\DX12</Filter>
    </ClCompile>
    <ClCompile Include="..\Library\GraphicsSystem\D3D12\Gfx_D3D12Texture.cpp">
      <Filter>GraphicsSystem\Resources\DX12</Filter>
    </ClCompile>
    <ClCompile Include="..\Library\GraphicsSystem\D3D12\Gfx_D3D12VertexShader.cpp">
      <Filter>GraphicsSystem\Resources\DX12</Filter>
    </ClCompile>
    <ClCompile Include="..\Library\GraphicsSystem\Interface\Gfx_ConstantBuffer.cpp">
      <Filter>GraphicsSystem\Resources\Base</Filter>
    </ClCompile>
    <ClCompile Include="..\Library\GraphicsSystem\Interface\Gfx_GraphiccsBinder.cpp">
      <Filter>GraphicsSystem\Resources\Base</Filter>
    </ClCompile>
    <ClCompile Include="..\Library\GraphicsSystem\Interface\Gfx_MeshBuffer.cpp">
      <Filter>GraphicsSystem\Resources\Base</Filter>
    </ClCompile>
    <ClCompile Include="..\Library\GraphicsSystem\Interface\Gfx_Texture.cpp">
      <Filter>GraphicsSystem\Resources\Base</Filter>
    </ClCompile>
    <ClCompile Include="..\Library\GraphicsSystem\Interface\Gfx_GraphicsResource.cpp">
      <Filter>GraphicsSystem\Resources\manager</Filter>
    </ClCompile>
    <ClCompile Include="..\Library\GraphicsSystem\Interface\Gfx_GraphicsResourceDefault.cpp">
      <Filter>GraphicsSystem\Resources\manager</Filter>
    </ClCompile>
    <ClCompile Include="..\Library\GraphicsSystem\Interface\Gfx_DeviceFactory.cpp">
      <Filter>GraphicsSystem\System\manager</Filter>
    </ClCompile>
    <ClCompile Include="..\Library\GraphicsSystem\Interface\Gfx_DXManager.cpp">
      <Filter>GraphicsSystem\System\manager</Filter>
    </ClCompile>
    <ClCompile Include="..\Library\GraphicsSystem\Interface\Gfx_Tag.cpp">
      <Filter>GraphicsSystem\Resources\manager</Filter>
    </ClCompile>
    <ClCompile Include="..\Library\GraphicsSystem\Interface\Gfx_Shader.cpp">
      <Filter>GraphicsSystem\Resources\Base</Filter>
    </ClCompile>
    <ClCompile Include="..\Library\GraphicsSystem\D3D11\Gfx_D3D11VertexShader.cpp">
      <Filter>GraphicsSystem\Resources\DX11</Filter>
    </ClCompile>
    <ClCompile Include="..\Library\GraphicsSystem\D3D11\Gfx_D3D11DepthStencilView_Impl.cpp">
      <Filter>GraphicsSystem\System\DX11</Filter>
    </ClCompile>
    <ClCompile Include="..\Library\GraphicsSystem\D3D11\Gfx_D3D11Device_Impl.cpp">
      <Filter>GraphicsSystem\System\DX11</Filter>
    </ClCompile>
    <ClCompile Include="..\Library\GraphicsSystem\D3D11\Gfx_D3D11RenderCommand_Impl.cpp">
      <Filter>GraphicsSystem\System\DX11</Filter>
    </ClCompile>
    <ClCompile Include="..\Library\GraphicsSystem\D3D11\Gfx_D3D11RenderTarget_Impl.cpp">
      <Filter>GraphicsSystem\System\DX11</Filter>
    </ClCompile>
    <ClCompile Include="..\Library\GraphicsSystem\D3D11\Gfx_D3D11ScissorRect_Impl.cpp">
      <Filter>GraphicsSystem\System\DX11</Filter>
    </ClCompile>
    <ClCompile Include="..\Library\GraphicsSystem\D3D11\Gfx_D3D11SwapChain_Impl.cpp">
      <Filter>GraphicsSystem\System\DX11</Filter>
    </ClCompile>
    <ClCompile Include="..\Library\GraphicsSystem\D3D11\Gfx_D3D11ViewPort_Impl.cpp">
      <Filter>GraphicsSystem\System\DX11</Filter>
    </ClCompile>
    <ClCompile Include="..\Library\GraphicsSystem\D3D12\Gfx_D3D12DepthStencilView_Impl.cpp">
      <Filter>GraphicsSystem\System\DX12</Filter>
    </ClCompile>
    <ClCompile Include="..\Library\GraphicsSystem\D3D12\Gfx_D3D12RenderCommand_Impl.cpp">
      <Filter>GraphicsSystem\System\DX12</Filter>
    </ClCompile>
    <ClCompile Include="..\Library\GraphicsSystem\D3D12\Gfx_D3D12RenderTarget_Impl.cpp">
      <Filter>GraphicsSystem\System\DX12</Filter>
    </ClCompile>
    <ClCompile Include="..\Library\GraphicsSystem\D3D12\Gfx_D3D12ScissorRect_Impl.cpp">
      <Filter>GraphicsSystem\System\DX12</Filter>
    </ClCompile>
    <ClCompile Include="..\Library\GraphicsSystem\D3D12\Gfx_D3D12SwapChain_Impl.cpp">
      <Filter>GraphicsSystem\System\DX12</Filter>
    </ClCompile>
    <ClCompile Include="..\Library\GraphicsSystem\D3D12\Gfx_D3D12ViewPort_Impl.cpp">
      <Filter>GraphicsSystem\System\DX12</Filter>
    </ClCompile>
    <ClCompile Include="..\Library\GraphicsSystem\D3D12\Gfx_D3D12RootSignature.cpp">
      <Filter>GraphicsSystem\Resources\DX12</Filter>
    </ClCompile>
    <ClCompile Include="..\Library\GameSystem\Scene\Scene_TestScene.cpp">
      <Filter>GameSystem\Scene</Filter>
    </ClCompile>
    <ClCompile Include="..\Library\GameSystem\Object\Game_ObjCube.cpp">
      <Filter>GameSystem\gameObjct</Filter>
    </ClCompile>
    <ClCompile Include="..\Library\GameSystem\Object\Game_ObjectBase.cpp">
      <Filter>GameSystem\gameObjct</Filter>
    </ClCompile>
    <ClCompile Include="..\Library\GameSystem\Object\Game_ObjSprite.cpp">
      <Filter>GameSystem\gameObjct</Filter>
    </ClCompile>
    <ClCompile Include="..\Library\GameSystem\Object\Game_ObjSphere.cpp">
      <Filter>GameSystem\gameObjct</Filter>
    </ClCompile>
    <ClCompile Include="..\Library\GraphicsSystem\Interface\IGfx_Graphics.cpp">
      <Filter>GraphicsSystem\System\manager</Filter>
    </ClCompile>
    <ClCompile Include="..\Library\GraphicsSystem\Interface\Gfx_OpenGLManager_Impl.cpp">
      <Filter>OpenGL\manager</Filter>
    </ClCompile>
    <ClCompile Include="..\Source\IPlatform.cpp">
      <Filter>ソース ファイル</Filter>
    </ClCompile>
    <ClCompile Include="..\Source\Glfw_Window_Impl.cpp">
      <Filter>ソース ファイル</Filter>
    </ClCompile>
  </ItemGroup>
  <ItemGroup>
    <ClInclude Include="..\Source\Platfrom_Windows_Impl.h">
      <Filter>ソース ファイル</Filter>
    </ClInclude>
    <ClInclude Include="..\Source\Win_Main.h">
      <Filter>ソース ファイル</Filter>
    </ClInclude>
    <ClInclude Include="..\Library\CoreSystem\Input.h">
      <Filter>CoreSystem</Filter>
    </ClInclude>
    <ClInclude Include="..\Library\GraphicsSystem\D3D11\Gfx_D3D11ConstantBuffer.h">
      <Filter>GraphicsSystem\Resources\DX11</Filter>
    </ClInclude>
    <ClInclude Include="..\Library\GraphicsSystem\D3D11\Gfx_D3D11GraphiccsBinder.h">
      <Filter>GraphicsSystem\Resources\DX11</Filter>
    </ClInclude>
    <ClInclude Include="..\Library\GraphicsSystem\D3D11\Gfx_D3D11MeshBuffer.h">
      <Filter>GraphicsSystem\Resources\DX11</Filter>
    </ClInclude>
    <ClInclude Include="..\Library\GraphicsSystem\D3D11\Gfx_D3D11PixelShader.h">
      <Filter>GraphicsSystem\Resources\DX11</Filter>
    </ClInclude>
    <ClInclude Include="..\Library\GraphicsSystem\D3D11\Gfx_D3D11Texture.h">
      <Filter>GraphicsSystem\Resources\DX11</Filter>
    </ClInclude>
    <ClInclude Include="..\Library\GraphicsSystem\D3D12\Gfx_D3D12ConstantBuffer.h">
      <Filter>GraphicsSystem\Resources\DX12</Filter>
    </ClInclude>
    <ClInclude Include="..\Library\GraphicsSystem\D3D12\Gfx_D3D12DescriptorHeap.h">
      <Filter>GraphicsSystem\Resources\DX12</Filter>
    </ClInclude>
    <ClInclude Include="..\Library\GraphicsSystem\D3D12\Gfx_D3D12GraphiccsBinder.h">
      <Filter>GraphicsSystem\Resources\DX12</Filter>
    </ClInclude>
    <ClInclude Include="..\Library\GraphicsSystem\D3D12\Gfx_D3D12MeshBuffer.h">
      <Filter>GraphicsSystem\Resources\DX12</Filter>
    </ClInclude>
    <ClInclude Include="..\Library\GraphicsSystem\D3D12\Gfx_D3D12PipelineState.h">
      <Filter>GraphicsSystem\Resources\DX12</Filter>
    </ClInclude>
    <ClInclude Include="..\Library\GraphicsSystem\D3D12\Gfx_D3D12PixelShader.h">
      <Filter>GraphicsSystem\Resources\DX12</Filter>
    </ClInclude>
    <ClInclude Include="..\Library\GraphicsSystem\D3D12\Gfx_D3D12Texture.h">
      <Filter>GraphicsSystem\Resources\DX12</Filter>
    </ClInclude>
    <ClInclude Include="..\Library\GraphicsSystem\D3D12\Gfx_D3D12VertexShader.h">
      <Filter>GraphicsSystem\Resources\DX12</Filter>
    </ClInclude>
    <ClInclude Include="..\Library\GraphicsSystem\Interface\Gfx_ConstantBuffer.h">
      <Filter>GraphicsSystem\Resources\Base</Filter>
    </ClInclude>
    <ClInclude Include="..\Library\GraphicsSystem\Interface\Gfx_GraphiccsBinder.h">
      <Filter>GraphicsSystem\Resources\Base</Filter>
    </ClInclude>
    <ClInclude Include="..\Library\GraphicsSystem\Interface\Gfx_MeshBuffer.h">
      <Filter>GraphicsSystem\Resources\Base</Filter>
    </ClInclude>
    <ClInclude Include="..\Library\GraphicsSystem\Interface\Gfx_Texture.h">
      <Filter>GraphicsSystem\Resources\Base</Filter>
    </ClInclude>
    <ClInclude Include="..\Library\GraphicsSystem\Interface\Gfx_GraphicsResource.h">
      <Filter>GraphicsSystem\Resources\manager</Filter>
    </ClInclude>
    <ClInclude Include="..\Library\GraphicsSystem\Interface\Gfx_GraphicsResourceDefault.h">
      <Filter>GraphicsSystem\Resources\manager</Filter>
    </ClInclude>
    <ClInclude Include="..\Library\GraphicsSystem\Interface\Gfx_GrapicsObjectBase.h">
      <Filter>GraphicsSystem\Resources\manager</Filter>
    </ClInclude>
    <ClInclude Include="..\Library\GraphicsSystem\Interface\Gfx_DeviceFactory.h">
      <Filter>GraphicsSystem\System\manager</Filter>
    </ClInclude>
    <ClInclude Include="..\Library\GraphicsSystem\Interface\Gfx_DXManager.h">
      <Filter>GraphicsSystem\System\manager</Filter>
    </ClInclude>
    <ClInclude Include="..\Library\GraphicsSystem\Interface\Gfx_Tag.h">
      <Filter>GraphicsSystem\Resources\manager</Filter>
    </ClInclude>
    <ClInclude Include="..\Library\GraphicsSystem\Interface\Gfx_Shader.h">
      <Filter>GraphicsSystem\Resources\Base</Filter>
    </ClInclude>
    <ClInclude Include="..\Library\GraphicsSystem\D3D11\Gfx_D3D11VertexShader.h">
      <Filter>GraphicsSystem\Resources\DX11</Filter>
    </ClInclude>
    <ClInclude Include="..\Library\GraphicsSystem\Interface\IGfx_DepthStencilView.h">
      <Filter>GraphicsSystem\System\Interface</Filter>
    </ClInclude>
    <ClInclude Include="..\Library\GraphicsSystem\Interface\IGfx_Device.h">
      <Filter>GraphicsSystem\System\Interface</Filter>
    </ClInclude>
    <ClInclude Include="..\Library\GraphicsSystem\Interface\IGfx_RenderCommand.h">
      <Filter>GraphicsSystem\System\Interface</Filter>
    </ClInclude>
    <ClInclude Include="..\Library\GraphicsSystem\Interface\IGfx_RenderTarget.h">
      <Filter>GraphicsSystem\System\Interface</Filter>
    </ClInclude>
    <ClInclude Include="..\Library\GraphicsSystem\Interface\IGfx_ScissorRect.h">
      <Filter>GraphicsSystem\System\Interface</Filter>
    </ClInclude>
    <ClInclude Include="..\Library\GraphicsSystem\Interface\IGfx_SwapChain.h">
      <Filter>GraphicsSystem\System\Interface</Filter>
    </ClInclude>
    <ClInclude Include="..\Library\GraphicsSystem\Interface\IGfx_ViewPort.h">
      <Filter>GraphicsSystem\System\Interface</Filter>
    </ClInclude>
    <ClInclude Include="..\Library\GraphicsSystem\D3D11\Gfx_D3D11DepthStencilView_Impl.h">
      <Filter>GraphicsSystem\System\DX11</Filter>
    </ClInclude>
    <ClInclude Include="..\Library\GraphicsSystem\D3D11\Gfx_D3D11Device_Impl.h">
      <Filter>GraphicsSystem\System\DX11</Filter>
    </ClInclude>
    <ClInclude Include="..\Library\GraphicsSystem\D3D11\Gfx_D3D11RenderCommand_Impl.h">
      <Filter>GraphicsSystem\System\DX11</Filter>
    </ClInclude>
    <ClInclude Include="..\Library\GraphicsSystem\D3D11\Gfx_D3D11RenderTarget_Impl.h">
      <Filter>GraphicsSystem\System\DX11</Filter>
    </ClInclude>
    <ClInclude Include="..\Library\GraphicsSystem\D3D11\Gfx_D3D11ScissorRect_Impl.h">
      <Filter>GraphicsSystem\System\DX11</Filter>
    </ClInclude>
    <ClInclude Include="..\Library\GraphicsSystem\D3D11\Gfx_D3D11SwapChain_Impl.h">
      <Filter>GraphicsSystem\System\DX11</Filter>
    </ClInclude>
    <ClInclude Include="..\Library\GraphicsSystem\D3D11\Gfx_D3D11ViewPort_Impl.h">
      <Filter>GraphicsSystem\System\DX11</Filter>
    </ClInclude>
    <ClInclude Include="..\Library\GraphicsSystem\D3D12\Gfx_D3D12DepthStencilView_Impl.h">
      <Filter>GraphicsSystem\System\DX12</Filter>
    </ClInclude>
    <ClInclude Include="..\Library\GraphicsSystem\D3D12\Gfx_D3D12RenderCommand_Impl.h">
      <Filter>GraphicsSystem\System\DX12</Filter>
    </ClInclude>
    <ClInclude Include="..\Library\GraphicsSystem\D3D12\Gfx_D3D12RenderTarget_Impl.h">
      <Filter>GraphicsSystem\System\DX12</Filter>
    </ClInclude>
    <ClInclude Include="..\Library\GraphicsSystem\D3D12\Gfx_D3D12ScissorRect_Impl.h">
      <Filter>GraphicsSystem\System\DX12</Filter>
    </ClInclude>
    <ClInclude Include="..\Library\GraphicsSystem\D3D12\Gfx_D3D12SwapChain_Impl.h">
      <Filter>GraphicsSystem\System\DX12</Filter>
    </ClInclude>
    <ClInclude Include="..\Library\GraphicsSystem\D3D12\Gfx_D3D12ViewPort_Impl.h">
      <Filter>GraphicsSystem\System\DX12</Filter>
    </ClInclude>
    <ClInclude Include="..\Library\GraphicsSystem\D3D12\Gfx_D3D12RootSignature.h">
      <Filter>GraphicsSystem\Resources\DX12</Filter>
    </ClInclude>
    <ClInclude Include="..\Library\GameSystem\Scene\Scene_TestScene.h">
      <Filter>GameSystem\Scene</Filter>
    </ClInclude>
    <ClInclude Include="..\Library\GameSystem\Object\Game_ObjCube.h">
      <Filter>GameSystem\gameObjct</Filter>
    </ClInclude>
    <ClInclude Include="..\Library\GameSystem\Object\Game_ObjectBase.h">
      <Filter>GameSystem\gameObjct</Filter>
    </ClInclude>
    <ClInclude Include="..\Library\GameSystem\Object\Game_ObjSprite.h">
      <Filter>GameSystem\gameObjct</Filter>
    </ClInclude>
    <ClInclude Include="..\Library\GameSystem\Object\Game_ObjSphere.h">
      <Filter>GameSystem\gameObjct</Filter>
    </ClInclude>
    <ClInclude Include="..\Library\GraphicsSystem\Interface\IGfx_Graphics.h">
      <Filter>GraphicsSystem\System\manager</Filter>
    </ClInclude>
    <ClInclude Include="..\Library\GraphicsSystem\Interface\Gfx_OpenGLManager_Impl.h">
      <Filter>OpenGL\manager</Filter>
    </ClInclude>
    <ClInclude Include="..\Source\IPlatform.h">
      <Filter>ソース ファイル</Filter>
    </ClInclude>
    <ClInclude Include="..\Source\Glfw_Window_Impl.h">
      <Filter>ソース ファイル</Filter>
    </ClInclude>
  </ItemGroup>
  <ItemGroup>
    <Text Include="memo.txt">
      <Filter>リソース ファイル</Filter>
    </Text>
  </ItemGroup>
  <ItemGroup>
    <FxCompile Include="Shader\PS_Color.hlsl">
      <Filter>hlsl</Filter>
    </FxCompile>
    <FxCompile Include="Shader\PS_Lambert.hlsl">
      <Filter>hlsl</Filter>
    </FxCompile>
    <FxCompile Include="Shader\PS_Texture.hlsl">
      <Filter>hlsl</Filter>
    </FxCompile>
    <FxCompile Include="Shader\VS_2D.hlsl">
      <Filter>hlsl</Filter>
    </FxCompile>
    <FxCompile Include="Shader\VS_3D.hlsl">
      <Filter>hlsl</Filter>
    </FxCompile>
  </ItemGroup>
</Project>