<?xml version="1.0" encoding="utf-8"?>
<Project ToolsVersion="4.0" xmlns="http://schemas.microsoft.com/developer/msbuild/2003">
  <ItemGroup>
    <Filter Include="ソース ファイル">
      <UniqueIdentifier>{4FC737F1-C7A5-4376-A066-2A32D752A2FF}</UniqueIdentifier>
      <Extensions>cpp;c;cc;cxx;c++;cppm;ixx;def;odl;idl;hpj;bat;asm;asmx</Extensions>
    </Filter>
    <Filter Include="リソース ファイル">
      <UniqueIdentifier>{67DA6AB6-F800-4c08-8B7A-83BB121AAD01}</UniqueIdentifier>
      <Extensions>rc;ico;cur;bmp;dlg;rc2;rct;bin;rgs;gif;jpg;jpeg;jpe;resx;tiff;tif;png;wav;mfcribbon-ms</Extensions>
    </Filter>
    <Filter Include="GraphicsSystem">
      <UniqueIdentifier>{cedd977a-64b7-4939-b3cc-34d40f0bad5d}</UniqueIdentifier>
    </Filter>
    <Filter Include="hlsl">
      <UniqueIdentifier>{35a44a2d-7ac7-4cd6-9bbf-bdb033ff2d2a}</UniqueIdentifier>
    </Filter>
    <Filter Include="CoreSystem">
      <UniqueIdentifier>{114a617b-a87d-497f-811f-8a7454aab756}</UniqueIdentifier>
    </Filter>
    <Filter Include="CoreSystem\Debug">
      <UniqueIdentifier>{cfcc7dc9-8a03-414b-b801-032930755f3f}</UniqueIdentifier>
    </Filter>
    <Filter Include="GraphicsSystem\Interface">
      <UniqueIdentifier>{8170384f-137e-4808-9a48-0481ec2eb016}</UniqueIdentifier>
    </Filter>
    <Filter Include="GraphicsSystem\DX12">
      <UniqueIdentifier>{7b7362e5-008a-45f1-ae22-f67f5e3290ac}</UniqueIdentifier>
    </Filter>
    <Filter Include="GraphicsSystem\DX11">
      <UniqueIdentifier>{0ff0511b-f6fe-494c-93bc-70bc961cbb90}</UniqueIdentifier>
    </Filter>
    <Filter Include="GraphicsSystem\manager">
      <UniqueIdentifier>{0e3ea439-4209-495a-aaee-185519e2f8c3}</UniqueIdentifier>
    </Filter>
  </ItemGroup>
  <ItemGroup>
    <Image Include="small.ico">
      <Filter>リソース ファイル</Filter>
    </Image>
    <Image Include="20221003_ss.ico">
      <Filter>リソース ファイル</Filter>
    </Image>
  </ItemGroup>
  <ItemGroup>
    <ClCompile Include="..\Source\Win_Window.cpp">
      <Filter>ソース ファイル</Filter>
    </ClCompile>
    <ClCompile Include="..\Library\CoreSystem\Input.cpp">
      <Filter>CoreSystem</Filter>
    </ClCompile>
    <ClCompile Include="..\Library\CoreSystem\Debug\imgui\imgui.cpp">
      <Filter>CoreSystem\Debug</Filter>
    </ClCompile>
    <ClCompile Include="..\Library\CoreSystem\Debug\imgui\imgui_draw.cpp">
      <Filter>CoreSystem\Debug</Filter>
    </ClCompile>
    <ClCompile Include="..\Library\CoreSystem\Debug\imgui\imgui_impl_dx11.cpp">
      <Filter>CoreSystem\Debug</Filter>
    </ClCompile>
    <ClCompile Include="..\Library\CoreSystem\Debug\imgui\imgui_impl_win32.cpp">
      <Filter>CoreSystem\Debug</Filter>
    </ClCompile>
    <ClCompile Include="..\Library\CoreSystem\Debug\imgui\imgui_tables.cpp">
      <Filter>CoreSystem\Debug</Filter>
    </ClCompile>
    <ClCompile Include="..\Library\CoreSystem\Debug\imgui\imgui_widgets.cpp">
      <Filter>CoreSystem\Debug</Filter>
    </ClCompile>
    <ClCompile Include="..\Library\GraphicsSystem\Interface\Gfx_DeviceFactory.cpp">
      <Filter>GraphicsSystem\manager</Filter>
    </ClCompile>
    <ClCompile Include="..\Library\GraphicsSystem\Interface\Gfx_GraphicsManager.cpp">
      <Filter>GraphicsSystem\manager</Filter>
    </ClCompile>
    <ClCompile Include="..\Library\GraphicsSystem\D3D12\Gfx_D3D12DepthStencilView_Impl.cpp">
      <Filter>GraphicsSystem\DX12</Filter>
    </ClCompile>
    <ClCompile Include="..\Library\GraphicsSystem\D3D12\Gfx_D3D12Device_Impl.cpp">
      <Filter>GraphicsSystem\DX12</Filter>
    </ClCompile>
    <ClCompile Include="..\Library\GraphicsSystem\D3D12\Gfx_D3D12RenderCommand_Impl.cpp">
      <Filter>GraphicsSystem\DX12</Filter>
    </ClCompile>
    <ClCompile Include="..\Library\GraphicsSystem\D3D12\Gfx_D3D12RenderTarget_Impl.cpp">
      <Filter>GraphicsSystem\DX12</Filter>
    </ClCompile>
    <ClCompile Include="..\Library\GraphicsSystem\D3D12\Gfx_D3D12ScissorRect_Impl.cpp">
      <Filter>GraphicsSystem\DX12</Filter>
    </ClCompile>
    <ClCompile Include="..\Library\GraphicsSystem\D3D12\Gfx_D3D12SwapChain_Impl.cpp">
      <Filter>GraphicsSystem\DX12</Filter>
    </ClCompile>
    <ClCompile Include="..\Library\GraphicsSystem\D3D12\Gfx_D3D12ViewPort_Impl.cpp">
      <Filter>GraphicsSystem\DX12</Filter>
    </ClCompile>
    <ClCompile Include="..\Library\GraphicsSystem\D3D12\Gfx_D3DManager.cpp">
      <Filter>CoreSystem</Filter>
    </ClCompile>
    <ClCompile Include="..\Library\GraphicsSystem\D3D11\Gfx_D3D11DepthStencilView_Impl.cpp">
      <Filter>GraphicsSystem\DX11</Filter>
    </ClCompile>
    <ClCompile Include="..\Library\GraphicsSystem\D3D11\Gfx_D3D11Device_Impl.cpp">
      <Filter>GraphicsSystem\DX11</Filter>
    </ClCompile>
    <ClCompile Include="..\Library\GraphicsSystem\D3D11\Gfx_D3D11RenderCommand_Impl.cpp">
      <Filter>GraphicsSystem\DX11</Filter>
    </ClCompile>
    <ClCompile Include="..\Library\GraphicsSystem\D3D11\Gfx_D3D11RenderTarget_Impl.cpp">
      <Filter>GraphicsSystem\DX11</Filter>
    </ClCompile>
    <ClCompile Include="..\Library\GraphicsSystem\D3D11\Gfx_D3D11ScissorRect_Impl.cpp">
      <Filter>GraphicsSystem\DX11</Filter>
    </ClCompile>
    <ClCompile Include="..\Library\GraphicsSystem\D3D11\Gfx_D3D11SwapChain_Impl.cpp">
      <Filter>GraphicsSystem\DX11</Filter>
    </ClCompile>
    <ClCompile Include="..\Library\GraphicsSystem\D3D11\Gfx_D3D11ViewPort_Impl.cpp">
      <Filter>GraphicsSystem\DX11</Filter>
    </ClCompile>
    <ClCompile Include="..\Source\Win_Main.cpp">
      <Filter>ソース ファイル</Filter>
    </ClCompile>
  </ItemGroup>
  <ItemGroup>
    <ClInclude Include="..\Source\Win_Window.h">
      <Filter>ソース ファイル</Filter>
    </ClInclude>
    <ClInclude Include="..\Library\CoreSystem\Input.h">
      <Filter>CoreSystem</Filter>
    </ClInclude>
    <ClInclude Include="..\Library\CoreSystem\Debug\imgui\imconfig.h">
      <Filter>CoreSystem\Debug</Filter>
    </ClInclude>
    <ClInclude Include="..\Library\CoreSystem\Debug\imgui\imgui.h">
      <Filter>CoreSystem\Debug</Filter>
    </ClInclude>
    <ClInclude Include="..\Library\CoreSystem\Debug\imgui\imgui_impl_dx11.h">
      <Filter>CoreSystem\Debug</Filter>
    </ClInclude>
    <ClInclude Include="..\Library\CoreSystem\Debug\imgui\imgui_impl_win32.h">
      <Filter>CoreSystem\Debug</Filter>
    </ClInclude>
    <ClInclude Include="..\Library\CoreSystem\Debug\imgui\imgui_internal.h">
      <Filter>CoreSystem\Debug</Filter>
    </ClInclude>
    <ClInclude Include="..\Library\CoreSystem\Debug\imgui\imstb_rectpack.h">
      <Filter>CoreSystem\Debug</Filter>
    </ClInclude>
    <ClInclude Include="..\Library\CoreSystem\Debug\imgui\imstb_textedit.h">
      <Filter>CoreSystem\Debug</Filter>
    </ClInclude>
    <ClInclude Include="..\Library\CoreSystem\Debug\imgui\imstb_truetype.h">
      <Filter>CoreSystem\Debug</Filter>
    </ClInclude>
    <ClInclude Include="..\Library\GraphicsSystem\Interface\IGfx_DepthStencilView.h">
      <Filter>GraphicsSystem\Interface</Filter>
    </ClInclude>
    <ClInclude Include="..\Library\GraphicsSystem\Interface\IGfx_Device.h">
      <Filter>GraphicsSystem\Interface</Filter>
    </ClInclude>
    <ClInclude Include="..\Library\GraphicsSystem\Interface\IGfx_RenderCommand.h">
      <Filter>GraphicsSystem\Interface</Filter>
    </ClInclude>
    <ClInclude Include="..\Library\GraphicsSystem\Interface\IGfx_RenderTarget.h">
      <Filter>GraphicsSystem\Interface</Filter>
    </ClInclude>
    <ClInclude Include="..\Library\GraphicsSystem\Interface\IGfx_ScissorRect.h">
      <Filter>GraphicsSystem\Interface</Filter>
    </ClInclude>
    <ClInclude Include="..\Library\GraphicsSystem\Interface\IGfx_SwapChain.h">
      <Filter>GraphicsSystem\Interface</Filter>
    </ClInclude>
    <ClInclude Include="..\Library\GraphicsSystem\Interface\IGfx_ViewPort.h">
      <Filter>GraphicsSystem\Interface</Filter>
    </ClInclude>
    <ClInclude Include="..\Library\GraphicsSystem\Interface\Gfx_DeviceFactory.h">
      <Filter>GraphicsSystem\manager</Filter>
    </ClInclude>
    <ClInclude Include="..\Library\GraphicsSystem\Interface\Gfx_GraphicsManager.h">
      <Filter>GraphicsSystem\manager</Filter>
    </ClInclude>
    <ClInclude Include="..\Library\GraphicsSystem\D3D12\Gfx_D3D12DepthStencilView_Impl.h">
      <Filter>GraphicsSystem\DX12</Filter>
    </ClInclude>
    <ClInclude Include="..\Library\GraphicsSystem\D3D12\Gfx_D3D12Device_Impl.h">
      <Filter>GraphicsSystem\DX12</Filter>
    </ClInclude>
    <ClInclude Include="..\Library\GraphicsSystem\D3D12\Gfx_D3D12RenderCommand_Impl.h">
      <Filter>GraphicsSystem\DX12</Filter>
    </ClInclude>
    <ClInclude Include="..\Library\GraphicsSystem\D3D12\Gfx_D3D12RenderTarget_Impl.h">
      <Filter>GraphicsSystem\DX12</Filter>
    </ClInclude>
    <ClInclude Include="..\Library\GraphicsSystem\D3D12\Gfx_D3D12ScissorRect_Impl.h">
      <Filter>GraphicsSystem\DX12</Filter>
    </ClInclude>
    <ClInclude Include="..\Library\GraphicsSystem\D3D12\Gfx_D3D12SwapChain_Impl.h">
      <Filter>GraphicsSystem\DX12</Filter>
    </ClInclude>
    <ClInclude Include="..\Library\GraphicsSystem\D3D12\Gfx_D3D12ViewPort_Impl.h">
      <Filter>GraphicsSystem\DX12</Filter>
    </ClInclude>
    <ClInclude Include="..\Library\GraphicsSystem\D3D12\Gfx_D3DManager.h">
      <Filter>CoreSystem</Filter>
    </ClInclude>
    <ClInclude Include="..\Library\GraphicsSystem\D3D11\Gfx_D3D11DepthStencilView_Impl.h">
      <Filter>GraphicsSystem\DX11</Filter>
    </ClInclude>
    <ClInclude Include="..\Library\GraphicsSystem\D3D11\Gfx_D3D11Device_Impl.h">
      <Filter>GraphicsSystem\DX11</Filter>
    </ClInclude>
    <ClInclude Include="..\Library\GraphicsSystem\D3D11\Gfx_D3D11RenderCommand_Impl.h">
      <Filter>GraphicsSystem\DX11</Filter>
    </ClInclude>
    <ClInclude Include="..\Library\GraphicsSystem\D3D11\Gfx_D3D11RenderTarget_Impl.h">
      <Filter>GraphicsSystem\DX11</Filter>
    </ClInclude>
    <ClInclude Include="..\Library\GraphicsSystem\D3D11\Gfx_D3D11ScissorRect_Impl.h">
      <Filter>GraphicsSystem\DX11</Filter>
    </ClInclude>
    <ClInclude Include="..\Library\GraphicsSystem\D3D11\Gfx_D3D11SwapChain_Impl.h">
      <Filter>GraphicsSystem\DX11</Filter>
    </ClInclude>
    <ClInclude Include="..\Library\GraphicsSystem\D3D11\Gfx_D3D11ViewPort_Impl.h">
      <Filter>GraphicsSystem\DX11</Filter>
    </ClInclude>
    <ClInclude Include="..\Source\Win_Main.h">
      <Filter>ソース ファイル</Filter>
    </ClInclude>
  </ItemGroup>
  <ItemGroup>
    <Text Include="memo.txt">
      <Filter>リソース ファイル</Filter>
    </Text>
  </ItemGroup>
  <ItemGroup>
    <FxCompile Include="Shader\PS_2D.hlsl">
      <Filter>hlsl</Filter>
    </FxCompile>
    <FxCompile Include="Shader\VS_2D.hlsl">
      <Filter>hlsl</Filter>
    </FxCompile>
    <FxCompile Include="Shader\PS_Lambert.hlsl">
      <Filter>hlsl</Filter>
    </FxCompile>
    <FxCompile Include="Shader\VS_3D.hlsl">
      <Filter>hlsl</Filter>
    </FxCompile>
  </ItemGroup>
</Project>