<?xml version="1.0" encoding="utf-8"?>
<Project ToolsVersion="4.0" xmlns="http://schemas.microsoft.com/developer/msbuild/2003">
  <ItemGroup>
    <Filter Include="ソース ファイル">
      <UniqueIdentifier>{4FC737F1-C7A5-4376-A066-2A32D752A2FF}</UniqueIdentifier>
      <Extensions>cpp;c;cc;cxx;c++;cppm;ixx;def;odl;idl;hpj;bat;asm;asmx</Extensions>
    </Filter>
    <Filter Include="ヘッダー ファイル">
      <UniqueIdentifier>{93995380-89BD-4b04-88EB-625FBE52EBFB}</UniqueIdentifier>
      <Extensions>h;hh;hpp;hxx;h++;hm;inl;inc;ipp;xsd</Extensions>
    </Filter>
    <Filter Include="リソース ファイル">
      <UniqueIdentifier>{67DA6AB6-F800-4c08-8B7A-83BB121AAD01}</UniqueIdentifier>
      <Extensions>rc;ico;cur;bmp;dlg;rc2;rct;bin;rgs;gif;jpg;jpeg;jpe;resx;tiff;tif;png;wav;mfcribbon-ms</Extensions>
    </Filter>
    <Filter Include="Debug">
      <UniqueIdentifier>{cfcc7dc9-8a03-414b-b801-032930755f3f}</UniqueIdentifier>
    </Filter>
    <Filter Include="GraphicsSystem">
      <UniqueIdentifier>{cedd977a-64b7-4939-b3cc-34d40f0bad5d}</UniqueIdentifier>
    </Filter>
    <Filter Include="GraphicsSystem\DirectX">
      <UniqueIdentifier>{f3cc8261-c070-4ff4-8bca-93cbd9abcf26}</UniqueIdentifier>
    </Filter>
    <Filter Include="hlsl">
      <UniqueIdentifier>{35a44a2d-7ac7-4cd6-9bbf-bdb033ff2d2a}</UniqueIdentifier>
    </Filter>
  </ItemGroup>
  <ItemGroup>
    <ResourceCompile Include="20221003_ss.rc">
      <Filter>リソース ファイル</Filter>
    </ResourceCompile>
  </ItemGroup>
  <ItemGroup>
    <Image Include="small.ico">
      <Filter>リソース ファイル</Filter>
    </Image>
    <Image Include="20221003_ss.ico">
      <Filter>リソース ファイル</Filter>
    </Image>
  </ItemGroup>
  <ItemGroup>
    <ClCompile Include="..\Source\main.cpp">
      <Filter>ソース ファイル</Filter>
    </ClCompile>
    <ClCompile Include="..\Library\Debug\imgui\imgui.cpp">
      <Filter>Debug</Filter>
    </ClCompile>
    <ClCompile Include="..\Library\Debug\imgui\imgui_draw.cpp">
      <Filter>Debug</Filter>
    </ClCompile>
    <ClCompile Include="..\Library\Debug\imgui\imgui_impl_dx11.cpp">
      <Filter>Debug</Filter>
    </ClCompile>
    <ClCompile Include="..\Library\Debug\imgui\imgui_impl_win32.cpp">
      <Filter>Debug</Filter>
    </ClCompile>
    <ClCompile Include="..\Library\Debug\imgui\imgui_tables.cpp">
      <Filter>Debug</Filter>
    </ClCompile>
    <ClCompile Include="..\Library\Debug\imgui\imgui_widgets.cpp">
      <Filter>Debug</Filter>
    </ClCompile>
    <ClCompile Include="..\Library\GraphicsSystem\DirectX\D3DManager.cpp">
      <Filter>GraphicsSystem\DirectX</Filter>
    </ClCompile>
    <ClCompile Include="..\Source\Window.cpp">
      <Filter>ソース ファイル</Filter>
    </ClCompile>
  </ItemGroup>
  <ItemGroup>
    <ClInclude Include="..\Source\main.h">
      <Filter>ヘッダー ファイル</Filter>
    </ClInclude>
    <ClInclude Include="..\Source\framework.h">
      <Filter>ヘッダー ファイル</Filter>
    </ClInclude>
    <ClInclude Include="..\Source\Resource.h">
      <Filter>ヘッダー ファイル</Filter>
    </ClInclude>
    <ClInclude Include="..\Source\targetver.h">
      <Filter>ヘッダー ファイル</Filter>
    </ClInclude>
    <ClInclude Include="..\Library\Debug\imgui\imconfig.h">
      <Filter>Debug</Filter>
    </ClInclude>
    <ClInclude Include="..\Library\Debug\imgui\imgui.h">
      <Filter>Debug</Filter>
    </ClInclude>
    <ClInclude Include="..\Library\Debug\imgui\imgui_impl_dx11.h">
      <Filter>Debug</Filter>
    </ClInclude>
    <ClInclude Include="..\Library\Debug\imgui\imgui_impl_win32.h">
      <Filter>Debug</Filter>
    </ClInclude>
    <ClInclude Include="..\Library\Debug\imgui\imgui_internal.h">
      <Filter>Debug</Filter>
    </ClInclude>
    <ClInclude Include="..\Library\Debug\imgui\imstb_rectpack.h">
      <Filter>Debug</Filter>
    </ClInclude>
    <ClInclude Include="..\Library\Debug\imgui\imstb_textedit.h">
      <Filter>Debug</Filter>
    </ClInclude>
    <ClInclude Include="..\Library\Debug\imgui\imstb_truetype.h">
      <Filter>Debug</Filter>
    </ClInclude>
    <ClInclude Include="..\Library\GraphicsSystem\DirectX\D3DManager.h">
      <Filter>GraphicsSystem\DirectX</Filter>
    </ClInclude>
    <ClInclude Include="..\Source\Window.h">
      <Filter>ソース ファイル</Filter>
    </ClInclude>
  </ItemGroup>
  <ItemGroup>
    <Text Include="memo.txt">
      <Filter>リソース ファイル</Filter>
    </Text>
  </ItemGroup>
</Project>